
Microsoft Visual Studio Solution File, Format Version 12.00
# Visual Studio 15
VisualStudioVersion = 15.0.28307.757
MinimumVisualStudioVersion = 10.0.40219.1
Project("{FAE04EC0-301F-11D3-BF4B-00C04F79EFBC}") = "Lesson_1", "Lesson_1\Lesson_1.csproj", "{4FF4B834-D696-4545-AB50-0D0172B46904}"
EndProject
Global
	GlobalSection(SolutionConfigurationPlatforms) = preSolution
		Debug|Any CPU = Debug|Any CPU
		Release|Any CPU = Release|Any CPU
	EndGlobalSection
	GlobalSection(ProjectConfigurationPlatforms) = postSolution
		{4FF4B834-D696-4545-AB50-0D0172B46904}.Debug|Any CPU.ActiveCfg = Debug|Any CPU
		{4FF4B834-D696-4545-AB50-0D0172B46904}.Debug|Any CPU.Build.0 = Debug|Any CPU
		{4FF4B834-D696-4545-AB50-0D0172B46904}.Release|Any CPU.ActiveCfg = Release|Any CPU
		{4FF4B834-D696-4545-AB50-0D0172B46904}.Release|Any CPU.Build.0 = Release|Any CPU
	EndGlobalSection
	GlobalSection(SolutionProperties) = preSolution
		HideSolutionNode = FALSE
	EndGlobalSection
	GlobalSection(ExtensibilityGlobals) = postSolution
		SolutionGuid = {71C0DC54-84A3-4B6B-975B-D1B91561E7D0}
	EndGlobalSection
EndGlobal
